
Microsoft Visual Studio Solution File, Format Version 12.00
# Visual Studio 15
VisualStudioVersion = 15.0.28307.1401
MinimumVisualStudioVersion = 10.0.40219.1
Project("{FAE04EC0-301F-11D3-BF4B-00C04F79EFBC}") = "Eduplex Secretary", "Eduplex Secretary\Eduplex Secretary.csproj", "{DA6F25EF-CE66-47AE-9DD3-651E1331AFA0}"
EndProject
Project("{FAE04EC0-301F-11D3-BF4B-00C04F79EFBC}") = "StudentProblem", "StudentProblem\StudentProblem.csproj", "{D9E2BC2F-9A27-49E2-B8CE-2D702D434DBD}"
EndProject
Global
	GlobalSection(SolutionConfigurationPlatforms) = preSolution
		Debug|Any CPU = Debug|Any CPU
		Release|Any CPU = Release|Any CPU
	EndGlobalSection
	GlobalSection(ProjectConfigurationPlatforms) = postSolution
		{DA6F25EF-CE66-47AE-9DD3-651E1331AFA0}.Debug|Any CPU.ActiveCfg = Debug|Any CPU
		{DA6F25EF-CE66-47AE-9DD3-651E1331AFA0}.Debug|Any CPU.Build.0 = Debug|Any CPU
		{DA6F25EF-CE66-47AE-9DD3-651E1331AFA0}.Release|Any CPU.ActiveCfg = Release|Any CPU
		{DA6F25EF-CE66-47AE-9DD3-651E1331AFA0}.Release|Any CPU.Build.0 = Release|Any CPU
		{D9E2BC2F-9A27-49E2-B8CE-2D702D434DBD}.Debug|Any CPU.ActiveCfg = Debug|Any CPU
		{D9E2BC2F-9A27-49E2-B8CE-2D702D434DBD}.Debug|Any CPU.Build.0 = Debug|Any CPU
		{D9E2BC2F-9A27-49E2-B8CE-2D702D434DBD}.Release|Any CPU.ActiveCfg = Release|Any CPU
		{D9E2BC2F-9A27-49E2-B8CE-2D702D434DBD}.Release|Any CPU.Build.0 = Release|Any CPU
	EndGlobalSection
	GlobalSection(SolutionProperties) = preSolution
		HideSolutionNode = FALSE
	EndGlobalSection
	GlobalSection(ExtensibilityGlobals) = postSolution
		SolutionGuid = {BA4D2A69-B3D6-4CB7-990E-108E32479869}
	EndGlobalSection
EndGlobal
